// !$*UTF8*$!
{
	archiveVersion = 1;
	classes = {
	};
	objectVersion = 50;
	objects = {

/* Begin PBXBuildFile section */
		9B1726B426F10B5600020B6E /* ResultsViewController.swift in Sources */ = {isa = PBXBuildFile; fileRef = 9B1726B326F10B5600020B6E /* ResultsViewController.swift */; };
		9BAD413E26EFCA85003E1D71 /* AppDelegate.swift in Sources */ = {isa = PBXBuildFile; fileRef = 9BAD413D26EFCA85003E1D71 /* AppDelegate.swift */; };
		9BAD414026EFCA85003E1D71 /* SceneDelegate.swift in Sources */ = {isa = PBXBuildFile; fileRef = 9BAD413F26EFCA85003E1D71 /* SceneDelegate.swift */; };
		9BAD414226EFCA85003E1D71 /* WelcomeViewController.swift in Sources */ = {isa = PBXBuildFile; fileRef = 9BAD414126EFCA85003E1D71 /* WelcomeViewController.swift */; };
		9BAD414526EFCA85003E1D71 /* Main.storyboard in Resources */ = {isa = PBXBuildFile; fileRef = 9BAD414326EFCA85003E1D71 /* Main.storyboard */; };
		9BAD414726EFCA85003E1D71 /* Assets.xcassets in Resources */ = {isa = PBXBuildFile; fileRef = 9BAD414626EFCA85003E1D71 /* Assets.xcassets */; };
		9BAD414A26EFCA85003E1D71 /* LaunchScreen.storyboard in Resources */ = {isa = PBXBuildFile; fileRef = 9BAD414826EFCA85003E1D71 /* LaunchScreen.storyboard */; };
		9BAD415226EFCE77003E1D71 /* QuestionViewController.swift in Sources */ = {isa = PBXBuildFile; fileRef = 9BAD415126EFCE77003E1D71 /* QuestionViewController.swift */; };
/* End PBXBuildFile section */

/* Begin PBXFileReference section */
		9B1726B326F10B5600020B6E /* ResultsViewController.swift */ = {isa = PBXFileReference; lastKnownFileType = sourcecode.swift; path = ResultsViewController.swift; sourceTree = "<group>"; };
		9BAD413A26EFCA85003E1D71 /* Quiz.app */ = {isa = PBXFileReference; explicitFileType = wrapper.application; includeInIndex = 0; path = Quiz.app; sourceTree = BUILT_PRODUCTS_DIR; };
		9BAD413D26EFCA85003E1D71 /* AppDelegate.swift */ = {isa = PBXFileReference; lastKnownFileType = sourcecode.swift; path = AppDelegate.swift; sourceTree = "<group>"; };
		9BAD413F26EFCA85003E1D71 /* SceneDelegate.swift */ = {isa = PBXFileReference; lastKnownFileType = sourcecode.swift; path = SceneDelegate.swift; sourceTree = "<group>"; };
		9BAD414126EFCA85003E1D71 /* WelcomeViewController.swift */ = {isa = PBXFileReference; lastKnownFileType = sourcecode.swift; path = WelcomeViewController.swift; sourceTree = "<group>"; };
		9BAD414426EFCA85003E1D71 /* Base */ = {isa = PBXFileReference; lastKnownFileType = file.storyboard; name = Base; path = Base.lproj/Main.storyboard; sourceTree = "<group>"; };
		9BAD414626EFCA85003E1D71 /* Assets.xcassets */ = {isa = PBXFileReference; lastKnownFileType = folder.assetcatalog; path = Assets.xcassets; sourceTree = "<group>"; };
		9BAD414926EFCA85003E1D71 /* Base */ = {isa = PBXFileReference; lastKnownFileType = file.storyboard; name = Base; path = Base.lproj/LaunchScreen.storyboard; sourceTree = "<group>"; };
		9BAD414B26EFCA85003E1D71 /* Info.plist */ = {isa = PBXFileReference; lastKnownFileType = text.plist.xml; path = Info.plist; sourceTree = "<group>"; };
		9BAD415126EFCE77003E1D71 /* QuestionViewController.swift */ = {isa = PBXFileReference; lastKnownFileType = sourcecode.swift; path = QuestionViewController.swift; sourceTree = "<group>"; };
/* End PBXFileReference section */

/* Begin PBXFrameworksBuildPhase section */
		9BAD413726EFCA85003E1D71 /* Frameworks */ = {
			isa = PBXFrameworksBuildPhase;
			buildActionMask = 2147483647;
			files = (
			);
			runOnlyForDeploymentPostprocessing = 0;
		};
/* End PBXFrameworksBuildPhase section */

/* Begin PBXGroup section */
		9BAD413126EFCA85003E1D71 = {
			isa = PBXGroup;
			children = (
				9BAD413C26EFCA85003E1D71 /* Quiz */,
				9BAD413B26EFCA85003E1D71 /* Products */,
			);
			sourceTree = "<group>";
		};
		9BAD413B26EFCA85003E1D71 /* Products */ = {
			isa = PBXGroup;
			children = (
				9BAD413A26EFCA85003E1D71 /* Quiz.app */,
			);
			name = Products;
			sourceTree = "<group>";
		};
		9BAD413C26EFCA85003E1D71 /* Quiz */ = {
			isa = PBXGroup;
			children = (
				9BAD413D26EFCA85003E1D71 /* AppDelegate.swift */,
				9BAD414626EFCA85003E1D71 /* Assets.xcassets */,
				9BAD414B26EFCA85003E1D71 /* Info.plist */,
				9BAD414826EFCA85003E1D71 /* LaunchScreen.storyboard */,
				9BAD414326EFCA85003E1D71 /* Main.storyboard */,
				9BAD413F26EFCA85003E1D71 /* SceneDelegate.swift */,
				9BAD415326EFCE9D003E1D71 /* View controllers */,
			);
			path = Quiz;
			sourceTree = "<group>";
		};
		9BAD415326EFCE9D003E1D71 /* View controllers */ = {
			isa = PBXGroup;
			children = (
				9BAD414126EFCA85003E1D71 /* WelcomeViewController.swift */,
				9BAD415126EFCE77003E1D71 /* QuestionViewController.swift */,
				9B1726B326F10B5600020B6E /* ResultsViewController.swift */,
			);
			path = "View controllers";
			sourceTree = "<group>";
		};
/* End PBXGroup section */

/* Begin PBXNativeTarget section */
		9BAD413926EFCA85003E1D71 /* Quiz */ = {
			isa = PBXNativeTarget;
			buildConfigurationList = 9BAD414E26EFCA85003E1D71 /* Build configuration list for PBXNativeTarget "Quiz" */;
			buildPhases = (
				9BAD413626EFCA85003E1D71 /* Sources */,
				9BAD413726EFCA85003E1D71 /* Frameworks */,
				9BAD413826EFCA85003E1D71 /* Resources */,
			);
			buildRules = (
			);
			dependencies = (
			);
			name = Quiz;
			productName = Quiz;
			productReference = 9BAD413A26EFCA85003E1D71 /* Quiz.app */;
			productType = "com.apple.product-type.application";
		};
/* End PBXNativeTarget section */

/* Begin PBXProject section */
		9BAD413226EFCA85003E1D71 /* Project object */ = {
			isa = PBXProject;
			attributes = {
				LastSwiftUpdateCheck = 1250;
				LastUpgradeCheck = 1250;
				TargetAttributes = {
					9BAD413926EFCA85003E1D71 = {
						CreatedOnToolsVersion = 12.5;
					};
				};
			};
			buildConfigurationList = 9BAD413526EFCA85003E1D71 /* Build configuration list for PBXProject "Quiz" */;
			compatibilityVersion = "Xcode 9.3";
			developmentRegion = en;
			hasScannedForEncodings = 0;
			knownRegions = (
				en,
				Base,
			);
			mainGroup = 9BAD413126EFCA85003E1D71;
			productRefGroup = 9BAD413B26EFCA85003E1D71 /* Products */;
			projectDirPath = "";
			projectRoot = "";
			targets = (
				9BAD413926EFCA85003E1D71 /* Quiz */,
			);
		};
/* End PBXProject section */

/* Begin PBXResourcesBuildPhase section */
		9BAD413826EFCA85003E1D71 /* Resources */ = {
			isa = PBXResourcesBuildPhase;
			buildActionMask = 2147483647;
			files = (
				9BAD414A26EFCA85003E1D71 /* LaunchScreen.storyboard in Resources */,
				9BAD414726EFCA85003E1D71 /* Assets.xcassets in Resources */,
				9BAD414526EFCA85003E1D71 /* Main.storyboard in Resources */,
			);
			runOnlyForDeploymentPostprocessing = 0;
		};
/* End PBXResourcesBuildPhase section */

/* Begin PBXSourcesBuildPhase section */
		9BAD413626EFCA85003E1D71 /* Sources */ = {
			isa = PBXSourcesBuildPhase;
			buildActionMask = 2147483647;
			files = (
				9BAD414226EFCA85003E1D71 /* WelcomeViewController.swift in Sources */,
				9BAD413E26EFCA85003E1D71 /* AppDelegate.swift in Sources */,
				9BAD415226EFCE77003E1D71 /* QuestionViewController.swift in Sources */,
				9B1726B426F10B5600020B6E /* ResultsViewController.swift in Sources */,
				9BAD414026EFCA85003E1D71 /* SceneDelegate.swift in Sources */,
			);
			runOnlyForDeploymentPostprocessing = 0;
		};
/* End PBXSourcesBuildPhase section */

/* Begin PBXVariantGroup section */
		9BAD414326EFCA85003E1D71 /* Main.storyboard */ = {
			isa = PBXVariantGroup;
			children = (
				9BAD414426EFCA85003E1D71 /* Base */,
			);
			name = Main.storyboard;
			sourceTree = "<group>";
		};
		9BAD414826EFCA85003E1D71 /* LaunchScreen.storyboard */ = {
			isa = PBXVariantGroup;
			children = (
				9BAD414926EFCA85003E1D71 /* Base */,
			);
			name = LaunchScreen.storyboard;
			sourceTree = "<group>";
		};
/* End PBXVariantGroup section */

/* Begin XCBuildConfiguration section */
		9BAD414C26EFCA85003E1D71 /* Debug */ = {
			isa = XCBuildConfiguration;
			buildSettings = {
				ALWAYS_SEARCH_USER_PATHS = NO;
				CLANG_ANALYZER_NONNULL = YES;
				CLANG_ANALYZER_NUMBER_OBJECT_CONVERSION = YES_AGGRESSIVE;
				CLANG_CXX_LANGUAGE_STANDARD = "gnu++14";
				CLANG_CXX_LIBRARY = "libc++";
				CLANG_ENABLE_MODULES = YES;
				CLANG_ENABLE_OBJC_ARC = YES;
				CLANG_ENABLE_OBJC_WEAK = YES;
				CLANG_WARN_BLOCK_CAPTURE_AUTORELEASING = YES;
				CLANG_WARN_BOOL_CONVERSION = YES;
				CLANG_WARN_COMMA = YES;
				CLANG_WARN_CONSTANT_CONVERSION = YES;
				CLANG_WARN_DEPRECATED_OBJC_IMPLEMENTATIONS = YES;
				CLANG_WARN_DIRECT_OBJC_ISA_USAGE = YES_ERROR;
				CLANG_WARN_DOCUMENTATION_COMMENTS = YES;
				CLANG_WARN_EMPTY_BODY = YES;
				CLANG_WARN_ENUM_CONVERSION = YES;
				CLANG_WARN_INFINITE_RECURSION = YES;
				CLANG_WARN_INT_CONVERSION = YES;
				CLANG_WARN_NON_LITERAL_NULL_CONVERSION = YES;
				CLANG_WARN_OBJC_IMPLICIT_RETAIN_SELF = YES;
				CLANG_WARN_OBJC_LITERAL_CONVERSION = YES;
				CLANG_WARN_OBJC_ROOT_CLASS = YES_ERROR;
				CLANG_WARN_QUOTED_INCLUDE_IN_FRAMEWORK_HEADER = YES;
				CLANG_WARN_RANGE_LOOP_ANALYSIS = YES;
				CLANG_WARN_STRICT_PROTOTYPES = YES;
				CLANG_WARN_SUSPICIOUS_MOVE = YES;
				CLANG_WARN_UNGUARDED_AVAILABILITY = YES_AGGRESSIVE;
				CLANG_WARN_UNREACHABLE_CODE = YES;
				CLANG_WARN__DUPLICATE_METHOD_MATCH = YES;
				COPY_PHASE_STRIP = NO;
				DEBUG_INFORMATION_FORMAT = dwarf;
				ENABLE_STRICT_OBJC_MSGSEND = YES;
				ENABLE_TESTABILITY = YES;
				GCC_C_LANGUAGE_STANDARD = gnu11;
				GCC_DYNAMIC_NO_PIC = NO;
				GCC_NO_COMMON_BLOCKS = YES;
				GCC_OPTIMIZATION_LEVEL = 0;
				GCC_PREPROCESSOR_DEFINITIONS = (
					"DEBUG=1",
					"$(inherited)",
				);
				GCC_WARN_64_TO_32_BIT_CONVERSION = YES;
				GCC_WARN_ABOUT_RETURN_TYPE = YES_ERROR;
				GCC_WARN_UNDECLARED_SELECTOR = YES;
				GCC_WARN_UNINITIALIZED_AUTOS = YES_AGGRESSIVE;
				GCC_WARN_UNUSED_FUNCTION = YES;
				GCC_WARN_UNUSED_VARIABLE = YES;
				IPHONEOS_DEPLOYMENT_TARGET = 14.5;
				MTL_ENABLE_DEBUG_INFO = INCLUDE_SOURCE;
				MTL_FAST_MATH = YES;
				ONLY_ACTIVE_ARCH = YES;
				SDKROOT = iphoneos;
				SWIFT_ACTIVE_COMPILATION_CONDITIONS = DEBUG;
				SWIFT_OPTIMIZATION_LEVEL = "-Onone";
			};
			name = Debug;
		};
		9BAD414D26EFCA85003E1D71 /* Release */ = {
			isa = XCBuildConfiguration;
			buildSettings = {
				ALWAYS_SEARCH_USER_PATHS = NO;
				CLANG_ANALYZER_NONNULL = YES;
				CLANG_ANALYZER_NUMBER_OBJECT_CONVERSION = YES_AGGRESSIVE;
				CLANG_CXX_LANGUAGE_STANDARD = "gnu++14";
				CLANG_CXX_LIBRARY = "libc++";
				CLANG_ENABLE_MODULES = YES;
				CLANG_ENABLE_OBJC_ARC = YES;
				CLANG_ENABLE_OBJC_WEAK = YES;
				CLANG_WARN_BLOCK_CAPTURE_AUTORELEASING = YES;
				CLANG_WARN_BOOL_CONVERSION = YES;
				CLANG_WARN_COMMA = YES;
				CLANG_WARN_CONSTANT_CONVERSION = YES;
				CLANG_WARN_DEPRECATED_OBJC_IMPLEMENTATIONS = YES;
				CLANG_WARN_DIRECT_OBJC_ISA_USAGE = YES_ERROR;
				CLANG_WARN_DOCUMENTATION_COMMENTS = YES;
				CLANG_WARN_EMPTY_BODY = YES;
				CLANG_WARN_ENUM_CONVERSION = YES;
				CLANG_WARN_INFINITE_RECURSION = YES;
				CLANG_WARN_INT_CONVERSION = YES;
				CLANG_WARN_NON_LITERAL_NULL_CONVERSION = YES;
				CLANG_WARN_OBJC_IMPLICIT_RETAIN_SELF = YES;
				CLANG_WARN_OBJC_LITERAL_CONVERSION = YES;
				CLANG_WARN_OBJC_ROOT_CLASS = YES_ERROR;
				CLANG_WARN_QUOTED_INCLUDE_IN_FRAMEWORK_HEADER = YES;
				CLANG_WARN_RANGE_LOOP_ANALYSIS = YES;
				CLANG_WARN_STRICT_PROTOTYPES = YES;
				CLANG_WARN_SUSPICIOUS_MOVE = YES;
				CLANG_WARN_UNGUARDED_AVAILABILITY = YES_AGGRESSIVE;
				CLANG_WARN_UNREACHABLE_CODE = YES;
				CLANG_WARN__DUPLICATE_METHOD_MATCH = YES;
				COPY_PHASE_STRIP = NO;
				DEBUG_INFORMATION_FORMAT = "dwarf-with-dsym";
				ENABLE_NS_ASSERTIONS = NO;
				ENABLE_STRICT_OBJC_MSGSEND = YES;
				GCC_C_LANGUAGE_STANDARD = gnu11;
				GCC_NO_COMMON_BLOCKS = YES;
				GCC_WARN_64_TO_32_BIT_CONVERSION = YES;
				GCC_WARN_ABOUT_RETURN_TYPE = YES_ERROR;
				GCC_WARN_UNDECLARED_SELECTOR = YES;
				GCC_WARN_UNINITIALIZED_AUTOS = YES_AGGRESSIVE;
				GCC_WARN_UNUSED_FUNCTION = YES;
				GCC_WARN_UNUSED_VARIABLE = YES;
				IPHONEOS_DEPLOYMENT_TARGET = 14.5;
				MTL_ENABLE_DEBUG_INFO = NO;
				MTL_FAST_MATH = YES;
				SDKROOT = iphoneos;
				SWIFT_COMPILATION_MODE = wholemodule;
				SWIFT_OPTIMIZATION_LEVEL = "-O";
				VALIDATE_PRODUCT = YES;
			};
			name = Release;
		};
		9BAD414F26EFCA85003E1D71 /* Debug */ = {
			isa = XCBuildConfiguration;
			buildSettings = {
				ASSETCATALOG_COMPILER_APPICON_NAME = AppIcon;
				ASSETCATALOG_COMPILER_GLOBAL_ACCENT_COLOR_NAME = AccentColor;
				CODE_SIGN_STYLE = Automatic;
				DEVELOPMENT_TEAM = 7AG3H6Y3C5;
				INFOPLIST_FILE = Quiz/Info.plist;
				LD_RUNPATH_SEARCH_PATHS = (
					"$(inherited)",
					"@executable_path/Frameworks",
				);
				PRODUCT_BUNDLE_IDENTIFIER = quizSharapovaN.Quiz;
				PRODUCT_NAME = "$(TARGET_NAME)";
				SWIFT_VERSION = 5.0;
				TARGETED_DEVICE_FAMILY = "1,2";
			};
			name = Debug;
		};
		9BAD415026EFCA85003E1D71 /* Release */ = {
			isa = XCBuildConfiguration;
			buildSettings = {
				ASSETCATALOG_COMPILER_APPICON_NAME = AppIcon;
				ASSETCATALOG_COMPILER_GLOBAL_ACCENT_COLOR_NAME = AccentColor;
				CODE_SIGN_STYLE = Automatic;
				DEVELOPMENT_TEAM = 7AG3H6Y3C5;
				INFOPLIST_FILE = Quiz/Info.plist;
				LD_RUNPATH_SEARCH_PATHS = (
					"$(inherited)",
					"@executable_path/Frameworks",
				);
				PRODUCT_BUNDLE_IDENTIFIER = quizSharapovaN.Quiz;
				PRODUCT_NAME = "$(TARGET_NAME)";
				SWIFT_VERSION = 5.0;
				TARGETED_DEVICE_FAMILY = "1,2";
			};
			name = Release;
		};
/* End XCBuildConfiguration section */

/* Begin XCConfigurationList section */
		9BAD413526EFCA85003E1D71 /* Build configuration list for PBXProject "Quiz" */ = {
			isa = XCConfigurationList;
			buildConfigurations = (
				9BAD414C26EFCA85003E1D71 /* Debug */,
				9BAD414D26EFCA85003E1D71 /* Release */,
			);
			defaultConfigurationIsVisible = 0;
			defaultConfigurationName = Release;
		};
		9BAD414E26EFCA85003E1D71 /* Build configuration list for PBXNativeTarget "Quiz" */ = {
			isa = XCConfigurationList;
			buildConfigurations = (
				9BAD414F26EFCA85003E1D71 /* Debug */,
				9BAD415026EFCA85003E1D71 /* Release */,
			);
			defaultConfigurationIsVisible = 0;
			defaultConfigurationName = Release;
		};
/* End XCConfigurationList section */
	};
	rootObject = 9BAD413226EFCA85003E1D71 /* Project object */;
}
